
Microsoft Visual Studio Solution File, Format Version 12.00
# Visual Studio Version 16
VisualStudioVersion = 16.0.29926.136
MinimumVisualStudioVersion = 10.0.40219.1
Project("{FAE04EC0-301F-11D3-BF4B-00C04F79EFBC}") = "TextToUML", "TextToUML.csproj", "{147BAC0D-BA8C-4CEF-9251-9F32DE00E133}"
EndProject
Global
	GlobalSection(SolutionConfigurationPlatforms) = preSolution
		Debug|Any CPU = Debug|Any CPU
		Release|Any CPU = Release|Any CPU
	EndGlobalSection
	GlobalSection(ProjectConfigurationPlatforms) = postSolution
		{147BAC0D-BA8C-4CEF-9251-9F32DE00E133}.Debug|Any CPU.ActiveCfg = Debug|Any CPU
		{147BAC0D-BA8C-4CEF-9251-9F32DE00E133}.Debug|Any CPU.Build.0 = Debug|Any CPU
		{147BAC0D-BA8C-4CEF-9251-9F32DE00E133}.Release|Any CPU.ActiveCfg = Release|Any CPU
		{147BAC0D-BA8C-4CEF-9251-9F32DE00E133}.Release|Any CPU.Build.0 = Release|Any CPU
	EndGlobalSection
	GlobalSection(SolutionProperties) = preSolution
		HideSolutionNode = FALSE
	EndGlobalSection
	GlobalSection(ExtensibilityGlobals) = postSolution
		SolutionGuid = {6D42BAE4-8C4B-41A7-8F38-A7A82C66BA07}
	EndGlobalSection
EndGlobal
